
Microsoft Visual Studio Solution File, Format Version 12.00
# Visual Studio 15
VisualStudioVersion = 15.0.28010.2041
MinimumVisualStudioVersion = 10.0.40219.1
Project("{FAE04EC0-301F-11D3-BF4B-00C04F79EFBC}") = "NaveEspacial", "NaveEspacial\NaveEspacial.csproj", "{D0B4802F-023E-48A5-8548-74404A4AB481}"
EndProject
Project("{9A19103F-16F7-4668-BE54-9A1E7A4F7556}") = "FuncionSerClie", "FuncionSerClie\FuncionSerClie.csproj", "{937071E0-D899-47EC-AF30-E3DFC99765F2}"
EndProject
Project("{FAE04EC0-301F-11D3-BF4B-00C04F79EFBC}") = "Planeta", "Planeta\Planeta.csproj", "{489696DD-9487-440E-9661-78B3B264EC15}"
EndProject
Project("{FAE04EC0-301F-11D3-BF4B-00C04F79EFBC}") = "ConnectClass", "ConnectClass\ConnectClass.csproj", "{3478A3B8-E206-4CAB-9C05-1E6F5FC5ADDC}"
EndProject
Global
	GlobalSection(SolutionConfigurationPlatforms) = preSolution
		Debug|Any CPU = Debug|Any CPU
		Release|Any CPU = Release|Any CPU
	EndGlobalSection
	GlobalSection(ProjectConfigurationPlatforms) = postSolution
		{D0B4802F-023E-48A5-8548-74404A4AB481}.Debug|Any CPU.ActiveCfg = Debug|Any CPU
		{D0B4802F-023E-48A5-8548-74404A4AB481}.Debug|Any CPU.Build.0 = Debug|Any CPU
		{D0B4802F-023E-48A5-8548-74404A4AB481}.Release|Any CPU.ActiveCfg = Release|Any CPU
		{D0B4802F-023E-48A5-8548-74404A4AB481}.Release|Any CPU.Build.0 = Release|Any CPU
		{937071E0-D899-47EC-AF30-E3DFC99765F2}.Debug|Any CPU.ActiveCfg = Debug|Any CPU
		{937071E0-D899-47EC-AF30-E3DFC99765F2}.Debug|Any CPU.Build.0 = Debug|Any CPU
		{937071E0-D899-47EC-AF30-E3DFC99765F2}.Release|Any CPU.ActiveCfg = Release|Any CPU
		{937071E0-D899-47EC-AF30-E3DFC99765F2}.Release|Any CPU.Build.0 = Release|Any CPU
		{489696DD-9487-440E-9661-78B3B264EC15}.Debug|Any CPU.ActiveCfg = Debug|Any CPU
		{489696DD-9487-440E-9661-78B3B264EC15}.Debug|Any CPU.Build.0 = Debug|Any CPU
		{489696DD-9487-440E-9661-78B3B264EC15}.Release|Any CPU.ActiveCfg = Release|Any CPU
		{489696DD-9487-440E-9661-78B3B264EC15}.Release|Any CPU.Build.0 = Release|Any CPU
		{3478A3B8-E206-4CAB-9C05-1E6F5FC5ADDC}.Debug|Any CPU.ActiveCfg = Debug|Any CPU
		{3478A3B8-E206-4CAB-9C05-1E6F5FC5ADDC}.Debug|Any CPU.Build.0 = Debug|Any CPU
		{3478A3B8-E206-4CAB-9C05-1E6F5FC5ADDC}.Release|Any CPU.ActiveCfg = Release|Any CPU
		{3478A3B8-E206-4CAB-9C05-1E6F5FC5ADDC}.Release|Any CPU.Build.0 = Release|Any CPU
	EndGlobalSection
	GlobalSection(SolutionProperties) = preSolution
		HideSolutionNode = FALSE
	EndGlobalSection
	GlobalSection(ExtensibilityGlobals) = postSolution
		SolutionGuid = {B256FC44-7519-42BB-A6A5-AF2C2D912F41}
	EndGlobalSection
EndGlobal
